# THIS IS AN AUTOGENERATED FILE. DO NOT EDIT THIS FILE DIRECTLY.
# yarn lockfile v1


hashnode-sdk-js@^1.0.1:
  version "1.0.1"
  resolved "https://registry.yarnpkg.com/hashnode-sdk-js/-/hashnode-sdk-js-1.0.1.tgz#25cc30e44b7b0fb2cbf88ca02422d338807c8e83"
  integrity sha512-rKsVEyu1A8eWkQIXVgWglOypYaVegp+gjBBaXILjwvO7drsvtl5pXAL5kH7akKGy61UIUEnroOTKEY1zJ04nCw==
  dependencies:
    node-fetch "^2.6.1"

node-fetch@^2.6.1:
  version "2.6.1"
  resolved "https://registry.yarnpkg.com/node-fetch/-/node-fetch-2.6.1.tgz#045bd323631f76ed2e2b55573394416b639a0052"
  integrity sha512-V4aYg89jEoVRxRb2fJdAg8FHvI7cEyYdVAh94HH0UIK8oJxUfkjlDQN9RbMx+bEjP7+ggMiFRprSti032Oipxw==
